
Microsoft Visual Studio Solution File, Format Version 12.00
# Visual Studio Version 17
VisualStudioVersion = 17.5.002.0
MinimumVisualStudioVersion = 10.0.40219.1
Project("{9A19103F-16F7-4668-BE54-9A1E7A4F7556}") = "Revisao", "Revisao\Revisao.csproj", "{5DAED047-F627-404D-BBD2-38F4E9964A91}"
EndProject
Project("{9A19103F-16F7-4668-BE54-9A1E7A4F7556}") = "RevisaoCsharp", "RevisaoCsharp\RevisaoCsharp.csproj", "{A33921A4-030A-4BAC-8205-1B7A4437A209}"
EndProject
Project("{9A19103F-16F7-4668-BE54-9A1E7A4F7556}") = "Classe", "Classe\Classe.csproj", "{C926384E-7C24-4A88-AD0B-390E260192DB}"
EndProject
Global
	GlobalSection(SolutionConfigurationPlatforms) = preSolution
		Debug|Any CPU = Debug|Any CPU
		Release|Any CPU = Release|Any CPU
	EndGlobalSection
	GlobalSection(ProjectConfigurationPlatforms) = postSolution
		{5DAED047-F627-404D-BBD2-38F4E9964A91}.Debug|Any CPU.ActiveCfg = Debug|Any CPU
		{5DAED047-F627-404D-BBD2-38F4E9964A91}.Debug|Any CPU.Build.0 = Debug|Any CPU
		{5DAED047-F627-404D-BBD2-38F4E9964A91}.Release|Any CPU.ActiveCfg = Release|Any CPU
		{5DAED047-F627-404D-BBD2-38F4E9964A91}.Release|Any CPU.Build.0 = Release|Any CPU
		{A33921A4-030A-4BAC-8205-1B7A4437A209}.Debug|Any CPU.ActiveCfg = Debug|Any CPU
		{A33921A4-030A-4BAC-8205-1B7A4437A209}.Debug|Any CPU.Build.0 = Debug|Any CPU
		{A33921A4-030A-4BAC-8205-1B7A4437A209}.Release|Any CPU.ActiveCfg = Release|Any CPU
		{A33921A4-030A-4BAC-8205-1B7A4437A209}.Release|Any CPU.Build.0 = Release|Any CPU
		{C926384E-7C24-4A88-AD0B-390E260192DB}.Debug|Any CPU.ActiveCfg = Debug|Any CPU
		{C926384E-7C24-4A88-AD0B-390E260192DB}.Debug|Any CPU.Build.0 = Debug|Any CPU
		{C926384E-7C24-4A88-AD0B-390E260192DB}.Release|Any CPU.ActiveCfg = Release|Any CPU
		{C926384E-7C24-4A88-AD0B-390E260192DB}.Release|Any CPU.Build.0 = Release|Any CPU
	EndGlobalSection
	GlobalSection(SolutionProperties) = preSolution
		HideSolutionNode = FALSE
	EndGlobalSection
	GlobalSection(ExtensibilityGlobals) = postSolution
		SolutionGuid = {C614EA4A-7243-4FED-8EAF-B2DCB69F25C1}
	EndGlobalSection
EndGlobal
